
Microsoft Visual Studio Solution File, Format Version 12.00
# Visual Studio Version 16
VisualStudioVersion = 16.0.30804.86
MinimumVisualStudioVersion = 10.0.40219.1
Project("{FAE04EC0-301F-11D3-BF4B-00C04F79EFBC}") = "RouletteApi", "RouletteApi\RouletteApi.csproj", "{9F68B5AA-14EE-4C7F-8DAA-B836AA53323A}"
EndProject
Global
	GlobalSection(SolutionConfigurationPlatforms) = preSolution
		Debug|Any CPU = Debug|Any CPU
		Release|Any CPU = Release|Any CPU
	EndGlobalSection
	GlobalSection(ProjectConfigurationPlatforms) = postSolution
		{9F68B5AA-14EE-4C7F-8DAA-B836AA53323A}.Debug|Any CPU.ActiveCfg = Debug|Any CPU
		{9F68B5AA-14EE-4C7F-8DAA-B836AA53323A}.Debug|Any CPU.Build.0 = Debug|Any CPU
		{9F68B5AA-14EE-4C7F-8DAA-B836AA53323A}.Release|Any CPU.ActiveCfg = Release|Any CPU
		{9F68B5AA-14EE-4C7F-8DAA-B836AA53323A}.Release|Any CPU.Build.0 = Release|Any CPU
	EndGlobalSection
	GlobalSection(SolutionProperties) = preSolution
		HideSolutionNode = FALSE
	EndGlobalSection
	GlobalSection(ExtensibilityGlobals) = postSolution
		SolutionGuid = {D82636EB-960B-42F1-B017-17B0529240C5}
	EndGlobalSection
EndGlobal
